
Microsoft Visual Studio Solution File, Format Version 12.00
# Visual Studio 15
VisualStudioVersion = 15.0.27130.2036
MinimumVisualStudioVersion = 10.0.40219.1
Project("{2150E333-8FDC-42A3-9474-1A3956D46DE8}") = "Solution Items", "Solution Items", "{73141119-9964-4C31-9406-A24AAF6AB92F}"
	ProjectSection(SolutionItems) = preProject
		appbuild.cake = appbuild.cake
		build.ps1 = build.ps1
		..\README.md = ..\README.md
		..\ReleaseNotes.md = ..\ReleaseNotes.md
	EndProjectSection
EndProject
Project("{9A19103F-16F7-4668-BE54-9A1E7A4F7556}") = "Cake.Putty", "Cake.Putty\Cake.Putty.csproj", "{09C72AF0-C39F-4478-B134-CC9B49571B86}"
EndProject
Project("{9A19103F-16F7-4668-BE54-9A1E7A4F7556}") = "Cake.PuttyTests", "Cake.PuttyTests\Cake.PuttyTests.csproj", "{141EB052-4188-4543-94A8-CD63193B1BFC}"
EndProject
Global
	GlobalSection(SolutionConfigurationPlatforms) = preSolution
		Debug|Any CPU = Debug|Any CPU
		Release|Any CPU = Release|Any CPU
	EndGlobalSection
	GlobalSection(ProjectConfigurationPlatforms) = postSolution
		{09C72AF0-C39F-4478-B134-CC9B49571B86}.Debug|Any CPU.ActiveCfg = Debug|Any CPU
		{09C72AF0-C39F-4478-B134-CC9B49571B86}.Debug|Any CPU.Build.0 = Debug|Any CPU
		{09C72AF0-C39F-4478-B134-CC9B49571B86}.Release|Any CPU.ActiveCfg = Release|Any CPU
		{09C72AF0-C39F-4478-B134-CC9B49571B86}.Release|Any CPU.Build.0 = Release|Any CPU
		{141EB052-4188-4543-94A8-CD63193B1BFC}.Debug|Any CPU.ActiveCfg = Debug|Any CPU
		{141EB052-4188-4543-94A8-CD63193B1BFC}.Debug|Any CPU.Build.0 = Debug|Any CPU
		{141EB052-4188-4543-94A8-CD63193B1BFC}.Release|Any CPU.ActiveCfg = Release|Any CPU
		{141EB052-4188-4543-94A8-CD63193B1BFC}.Release|Any CPU.Build.0 = Release|Any CPU
	EndGlobalSection
	GlobalSection(SolutionProperties) = preSolution
		HideSolutionNode = FALSE
	EndGlobalSection
	GlobalSection(ExtensibilityGlobals) = postSolution
		SolutionGuid = {D0D20443-7AFE-42D5-A2D9-37961F5D296D}
	EndGlobalSection
EndGlobal
